
Microsoft Visual Studio Solution File, Format Version 12.00
# Visual Studio Version 17
VisualStudioVersion = 17.3.32929.385
MinimumVisualStudioVersion = 10.0.40219.1
Project("{FAE04EC0-301F-11D3-BF4B-00C04F79EFBC}") = "Lista", "Lista\Lista.csproj", "{46DBF52F-E137-4796-8810-DFB72ADCCFC4}"
EndProject
Global
	GlobalSection(SolutionConfigurationPlatforms) = preSolution
		Debug|Any CPU = Debug|Any CPU
		Release|Any CPU = Release|Any CPU
	EndGlobalSection
	GlobalSection(ProjectConfigurationPlatforms) = postSolution
		{46DBF52F-E137-4796-8810-DFB72ADCCFC4}.Debug|Any CPU.ActiveCfg = Debug|Any CPU
		{46DBF52F-E137-4796-8810-DFB72ADCCFC4}.Debug|Any CPU.Build.0 = Debug|Any CPU
		{46DBF52F-E137-4796-8810-DFB72ADCCFC4}.Release|Any CPU.ActiveCfg = Release|Any CPU
		{46DBF52F-E137-4796-8810-DFB72ADCCFC4}.Release|Any CPU.Build.0 = Release|Any CPU
	EndGlobalSection
	GlobalSection(SolutionProperties) = preSolution
		HideSolutionNode = FALSE
	EndGlobalSection
	GlobalSection(ExtensibilityGlobals) = postSolution
		SolutionGuid = {45018CF3-7528-4423-A0CC-9EC83C92A51F}
	EndGlobalSection
EndGlobal
