
Microsoft Visual Studio Solution File, Format Version 12.00
# Visual Studio Version 17
VisualStudioVersion = 17.3.32929.385
MinimumVisualStudioVersion = 10.0.40219.1
Project("{FAE04EC0-301F-11D3-BF4B-00C04F79EFBC}") = "ListaObjeto", "ListaObjeto\ListaObjeto.csproj", "{6878C39B-727B-4B70-BF0F-4DCA81761937}"
EndProject
Global
	GlobalSection(SolutionConfigurationPlatforms) = preSolution
		Debug|Any CPU = Debug|Any CPU
		Release|Any CPU = Release|Any CPU
	EndGlobalSection
	GlobalSection(ProjectConfigurationPlatforms) = postSolution
		{6878C39B-727B-4B70-BF0F-4DCA81761937}.Debug|Any CPU.ActiveCfg = Debug|Any CPU
		{6878C39B-727B-4B70-BF0F-4DCA81761937}.Debug|Any CPU.Build.0 = Debug|Any CPU
		{6878C39B-727B-4B70-BF0F-4DCA81761937}.Release|Any CPU.ActiveCfg = Release|Any CPU
		{6878C39B-727B-4B70-BF0F-4DCA81761937}.Release|Any CPU.Build.0 = Release|Any CPU
	EndGlobalSection
	GlobalSection(SolutionProperties) = preSolution
		HideSolutionNode = FALSE
	EndGlobalSection
	GlobalSection(ExtensibilityGlobals) = postSolution
		SolutionGuid = {289665BA-165C-41E8-B395-657E7564C732}
	EndGlobalSection
EndGlobal
