
Microsoft Visual Studio Solution File, Format Version 12.00
# Visual Studio Version 17
VisualStudioVersion = 17.3.32929.385
MinimumVisualStudioVersion = 10.0.40219.1
Project("{FAE04EC0-301F-11D3-BF4B-00C04F79EFBC}") = "EjercicioListayClases", "EjercicioListayClases\EjercicioListayClases.csproj", "{A5E687D1-32D8-4C89-81FF-2598BCF9117A}"
EndProject
Global
	GlobalSection(SolutionConfigurationPlatforms) = preSolution
		Debug|Any CPU = Debug|Any CPU
		Release|Any CPU = Release|Any CPU
	EndGlobalSection
	GlobalSection(ProjectConfigurationPlatforms) = postSolution
		{A5E687D1-32D8-4C89-81FF-2598BCF9117A}.Debug|Any CPU.ActiveCfg = Debug|Any CPU
		{A5E687D1-32D8-4C89-81FF-2598BCF9117A}.Debug|Any CPU.Build.0 = Debug|Any CPU
		{A5E687D1-32D8-4C89-81FF-2598BCF9117A}.Release|Any CPU.ActiveCfg = Release|Any CPU
		{A5E687D1-32D8-4C89-81FF-2598BCF9117A}.Release|Any CPU.Build.0 = Release|Any CPU
	EndGlobalSection
	GlobalSection(SolutionProperties) = preSolution
		HideSolutionNode = FALSE
	EndGlobalSection
	GlobalSection(ExtensibilityGlobals) = postSolution
		SolutionGuid = {7A6D268B-D0B2-4597-913A-4788769EDB06}
	EndGlobalSection
EndGlobal
